
Microsoft Visual Studio Solution File, Format Version 12.00
# Visual Studio Version 17
VisualStudioVersion = 17.4.33103.184
MinimumVisualStudioVersion = 10.0.40219.1
Project("{FAE04EC0-301F-11D3-BF4B-00C04F79EFBC}") = "QueueAndStack", "QueueAndStack.csproj", "{C2037166-B1BA-4DC7-A6BE-ABD195B4271F}"
EndProject
Global
	GlobalSection(SolutionConfigurationPlatforms) = preSolution
		Debug|Any CPU = Debug|Any CPU
		Release|Any CPU = Release|Any CPU
	EndGlobalSection
	GlobalSection(ProjectConfigurationPlatforms) = postSolution
		{C2037166-B1BA-4DC7-A6BE-ABD195B4271F}.Debug|Any CPU.ActiveCfg = Debug|Any CPU
		{C2037166-B1BA-4DC7-A6BE-ABD195B4271F}.Debug|Any CPU.Build.0 = Debug|Any CPU
		{C2037166-B1BA-4DC7-A6BE-ABD195B4271F}.Release|Any CPU.ActiveCfg = Release|Any CPU
		{C2037166-B1BA-4DC7-A6BE-ABD195B4271F}.Release|Any CPU.Build.0 = Release|Any CPU
	EndGlobalSection
	GlobalSection(SolutionProperties) = preSolution
		HideSolutionNode = FALSE
	EndGlobalSection
	GlobalSection(ExtensibilityGlobals) = postSolution
		SolutionGuid = {1A262FCE-A444-4227-87CE-E965AFFC0D26}
	EndGlobalSection
EndGlobal
